
Microsoft Visual Studio Solution File, Format Version 12.00
# Visual Studio Version 16
VisualStudioVersion = 16.0.31410.357
MinimumVisualStudioVersion = 10.0.40219.1
Project("{FAE04EC0-301F-11D3-BF4B-00C04F79EFBC}") = "CrudBasic", "CRUD\CrudBasic.csproj", "{C1FCBB0E-80A4-4D38-9769-012D6126FB7A}"
EndProject
Global
	GlobalSection(SolutionConfigurationPlatforms) = preSolution
		Debug|Any CPU = Debug|Any CPU
		Release|Any CPU = Release|Any CPU
	EndGlobalSection
	GlobalSection(ProjectConfigurationPlatforms) = postSolution
		{C1FCBB0E-80A4-4D38-9769-012D6126FB7A}.Debug|Any CPU.ActiveCfg = Debug|Any CPU
		{C1FCBB0E-80A4-4D38-9769-012D6126FB7A}.Debug|Any CPU.Build.0 = Debug|Any CPU
		{C1FCBB0E-80A4-4D38-9769-012D6126FB7A}.Release|Any CPU.ActiveCfg = Release|Any CPU
		{C1FCBB0E-80A4-4D38-9769-012D6126FB7A}.Release|Any CPU.Build.0 = Release|Any CPU
	EndGlobalSection
	GlobalSection(SolutionProperties) = preSolution
		HideSolutionNode = FALSE
	EndGlobalSection
	GlobalSection(ExtensibilityGlobals) = postSolution
		SolutionGuid = {F622AA60-9BE0-41B8-AF70-271094F31A07}
	EndGlobalSection
EndGlobal
